
Microsoft Visual Studio Solution File, Format Version 12.00
# Visual Studio Version 16
VisualStudioVersion = 16.0.31702.278
MinimumVisualStudioVersion = 10.0.40219.1
Project("{FAE04EC0-301F-11D3-BF4B-00C04F79EFBC}") = "3a1Marcos33", "3a1Marcos33.csproj", "{05EB55CB-5A35-4A1C-84F7-3BCBF1BE9099}"
EndProject
Global
	GlobalSection(SolutionConfigurationPlatforms) = preSolution
		Debug|Any CPU = Debug|Any CPU
		Release|Any CPU = Release|Any CPU
	EndGlobalSection
	GlobalSection(ProjectConfigurationPlatforms) = postSolution
		{05EB55CB-5A35-4A1C-84F7-3BCBF1BE9099}.Debug|Any CPU.ActiveCfg = Debug|Any CPU
		{05EB55CB-5A35-4A1C-84F7-3BCBF1BE9099}.Debug|Any CPU.Build.0 = Debug|Any CPU
		{05EB55CB-5A35-4A1C-84F7-3BCBF1BE9099}.Release|Any CPU.ActiveCfg = Release|Any CPU
		{05EB55CB-5A35-4A1C-84F7-3BCBF1BE9099}.Release|Any CPU.Build.0 = Release|Any CPU
	EndGlobalSection
	GlobalSection(SolutionProperties) = preSolution
		HideSolutionNode = FALSE
	EndGlobalSection
	GlobalSection(ExtensibilityGlobals) = postSolution
		SolutionGuid = {3A2A4208-5146-4460-80FB-A0AC57005234}
	EndGlobalSection
EndGlobal
